Microsoft Visual Studio Solution File, Format Version 12.00
# Visual Studio 2012
Project("{FAE04EC0-301F-11D3-BF4B-00C04F79EFBC}") = "CatchRhythm", "CatchRhythm.csproj", "{D6C4BB7D-0FCE-4498-844C-49E16E2CD20E}"
EndProject
Global
	GlobalSection(SolutionConfigurationPlatforms) = preSolution
		  Debug|Any CPU = 		Debug|Any CPU
	ExportDebug|Any CPU = ExportDebug|Any CPU
	ExportRelease|Any CPU = ExportRelease|Any CPU
	EndGlobalSection
	GlobalSection(ProjectConfigurationPlatforms) = postSolution
		{D6C4BB7D-0FCE-4498-844C-49E16E2CD20E}.Debug|Any CPU.ActiveCfg = Debug|Any CPU
		{D6C4BB7D-0FCE-4498-844C-49E16E2CD20E}.Debug|Any CPU.Build.0   = Debug|Any CPU
		{D6C4BB7D-0FCE-4498-844C-49E16E2CD20E}.ExportDebug|Any CPU.ActiveCfg = ExportDebug|Any CPU
		{D6C4BB7D-0FCE-4498-844C-49E16E2CD20E}.ExportDebug|Any CPU.Build.0   = ExportDebug|Any CPU
		{D6C4BB7D-0FCE-4498-844C-49E16E2CD20E}.ExportRelease|Any CPU.ActiveCfg = ExportRelease|Any CPU
		{D6C4BB7D-0FCE-4498-844C-49E16E2CD20E}.ExportRelease|Any CPU.Build.0   = ExportRelease|Any CPU
	EndGlobalSection
EndGlobal
